
Microsoft Visual Studio Solution File, Format Version 11.00
# Visual Studio 2010
Project("{FAE04EC0-301F-11D3-BF4B-00C04F79EFBC}") = "Bome", "Assembly-CSharp.csproj", "{AC494C65-AB04-DDB7-8AB6-22AAAF8F3CBE}"
EndProject
Project("{FAE04EC0-301F-11D3-BF4B-00C04F79EFBC}") = "Bome", "Assembly-CSharp-Editor.csproj", "{3EFA3AB0-4293-E5E4-BD17-3FE2F29021BF}"
EndProject
Global
	GlobalSection(SolutionConfigurationPlatforms) = preSolution
		Debug|Any CPU = Debug|Any CPU
		Release|Any CPU = Release|Any CPU
	EndGlobalSection
	GlobalSection(ProjectConfigurationPlatforms) = postSolution
		{AC494C65-AB04-DDB7-8AB6-22AAAF8F3CBE}.Debug|Any CPU.ActiveCfg = Debug|Any CPU
		{AC494C65-AB04-DDB7-8AB6-22AAAF8F3CBE}.Debug|Any CPU.Build.0 = Debug|Any CPU
		{AC494C65-AB04-DDB7-8AB6-22AAAF8F3CBE}.Release|Any CPU.ActiveCfg = Release|Any CPU
		{AC494C65-AB04-DDB7-8AB6-22AAAF8F3CBE}.Release|Any CPU.Build.0 = Release|Any CPU
		{3EFA3AB0-4293-E5E4-BD17-3FE2F29021BF}.Debug|Any CPU.ActiveCfg = Debug|Any CPU
		{3EFA3AB0-4293-E5E4-BD17-3FE2F29021BF}.Debug|Any CPU.Build.0 = Debug|Any CPU
		{3EFA3AB0-4293-E5E4-BD17-3FE2F29021BF}.Release|Any CPU.ActiveCfg = Release|Any CPU
		{3EFA3AB0-4293-E5E4-BD17-3FE2F29021BF}.Release|Any CPU.Build.0 = Release|Any CPU
	EndGlobalSection
	GlobalSection(SolutionProperties) = preSolution
		HideSolutionNode = FALSE
	EndGlobalSection
	GlobalSection(MonoDevelopProperties) = preSolution
		StartupItem = Assembly-CSharp.csproj
	EndGlobalSection
EndGlobal
